PODS:
  - Alamofire (3.2.1)
  - MCUIColorUtils (1.0.1)
  - MCUIViewLayout (0.5.1)
  - MRGArchitect (1.1.0)
  - SVProgressHUD (1.1.3)
  - SwiftyJSON (2.3.2)

DEPENDENCIES:
  - Alamofire
  - MCUIColorUtils (from `https://github.com/mirego/MCUIColorUtils.git`)
  - MCUIViewLayout (from `https://github.com/mirego/MCUIViewLayout.git`)
  - MRGArchitect (from `https://github.com/mirego/MRGArchitect.git`)
  - SVProgressHUD
  - SwiftyJSON

EXTERNAL SOURCES:
  MCUIColorUtils:
    :git: https://github.com/mirego/MCUIColorUtils.git
  MCUIViewLayout:
    :git: https://github.com/mirego/MCUIViewLayout.git
  MRGArchitect:
    :git: https://github.com/mirego/MRGArchitect.git

CHECKOUT OPTIONS:
  MCUIColorUtils:
    :commit: ef06e77e18d8bd5c2febdc3505250b648f01b6ed
    :git: https://github.com/mirego/MCUIColorUtils.git
  MCUIViewLayout:
    :commit: 0b1ba63f1e938c929ee0fea2acb9c7771ee7c1af
    :git: https://github.com/mirego/MCUIViewLayout.git
  MRGArchitect:
    :commit: f6586848114bdda9f3eb4c49ff6fc8ae1184c9d3
    :git: https://github.com/mirego/MRGArchitect.git

SPEC CHECKSUMS:
  Alamofire: f11d8624a05f5d39e0c99309b3e600a3ba64298a
  MCUIColorUtils: d99a916bf2eacff39009e2a291fdea5d0de423a4
  MCUIViewLayout: 0701f55f82982eac83fa0d837a2c248fa2ce10d5
  MRGArchitect: b226234d4a7f49c500c92909b97a1305ad0e3d2b
  SVProgressHUD: 748080e4f36e603f6c02aec292664239df5279c1
  SwiftyJSON: 04ccea08915aa0109039157c7974cf0298da292a

COCOAPODS: 0.39.0
